
Microsoft Visual Studio Solution File, Format Version 12.00
# Visual Studio 15
VisualStudioVersion = 15.0.26730.16
MinimumVisualStudioVersion = 10.0.40219.1
Project("{FAE04EC0-301F-11D3-BF4B-00C04F79EFBC}") = "RealLifeScratch", "RealLifeScratch\RealLifeScratch.csproj", "{16F56F55-CA8F-493C-9B14-C298396BB7C7}"
EndProject
Global
	GlobalSection(SolutionConfigurationPlatforms) = preSolution
		Debug|Any CPU = Debug|Any CPU
		Release|Any CPU = Release|Any CPU
	EndGlobalSection
	GlobalSection(ProjectConfigurationPlatforms) = postSolution
		{16F56F55-CA8F-493C-9B14-C298396BB7C7}.Debug|Any CPU.ActiveCfg = Debug|Any CPU
		{16F56F55-CA8F-493C-9B14-C298396BB7C7}.Debug|Any CPU.Build.0 = Debug|Any CPU
		{16F56F55-CA8F-493C-9B14-C298396BB7C7}.Release|Any CPU.ActiveCfg = Release|Any CPU
		{16F56F55-CA8F-493C-9B14-C298396BB7C7}.Release|Any CPU.Build.0 = Release|Any CPU
	EndGlobalSection
	GlobalSection(SolutionProperties) = preSolution
		HideSolutionNode = FALSE
	EndGlobalSection
	GlobalSection(ExtensibilityGlobals) = postSolution
		SolutionGuid = {4DFC244B-E51F-438A-BF8A-53C44586D360}
	EndGlobalSection
EndGlobal
